
Microsoft Visual Studio Solution File, Format Version 12.00
# Visual Studio Version 17
VisualStudioVersion = 17.5.001.0
MinimumVisualStudioVersion = 10.0.40219.1
Project("{9A19103F-16F7-4668-BE54-9A1E7A4F7556}") = "Orion", "Orion.csproj", "{8AA987C2-2D04-4AD2-B601-3311AB291A5A}"
EndProject
Global
	GlobalSection(SolutionConfigurationPlatforms) = preSolution
		Debug|Any CPU = Debug|Any CPU
		Release|Any CPU = Release|Any CPU
	EndGlobalSection
	GlobalSection(ProjectConfigurationPlatforms) = postSolution
		{8AA987C2-2D04-4AD2-B601-3311AB291A5A}.Debug|Any CPU.ActiveCfg = Debug|Any CPU
		{8AA987C2-2D04-4AD2-B601-3311AB291A5A}.Debug|Any CPU.Build.0 = Debug|Any CPU
		{8AA987C2-2D04-4AD2-B601-3311AB291A5A}.Release|Any CPU.ActiveCfg = Release|Any CPU
		{8AA987C2-2D04-4AD2-B601-3311AB291A5A}.Release|Any CPU.Build.0 = Release|Any CPU
	EndGlobalSection
	GlobalSection(SolutionProperties) = preSolution
		HideSolutionNode = FALSE
	EndGlobalSection
	GlobalSection(ExtensibilityGlobals) = postSolution
		SolutionGuid = {CD39DA4B-24DE-4979-A863-9F79C00EB96D}
	EndGlobalSection
EndGlobal
